
Microsoft Visual Studio Solution File, Format Version 12.00
# Visual Studio Version 16
VisualStudioVersion = 16.0.30320.27
MinimumVisualStudioVersion = 10.0.40219.1
Project("{9A19103F-16F7-4668-BE54-9A1E7A4F7556}") = "Oiski.ConsoleTech.Application", "Oiski.ConsoleTech.Application\Oiski.ConsoleTech.Application.csproj", "{D6FBD265-F2AE-4B31-8244-5D59A2227612}"
EndProject
Project("{FAE04EC0-301F-11D3-BF4B-00C04F79EFBC}") = "Oiski.ConsoleTech.Engine", "Oiski.ConsoleTech.Engine\Oiski.ConsoleTech.Engine.csproj", "{D5104138-D033-4ADC-81FA-72E7DB9369C7}"
EndProject
Global
	GlobalSection(SolutionConfigurationPlatforms) = preSolution
		Debug|Any CPU = Debug|Any CPU
		Release|Any CPU = Release|Any CPU
	EndGlobalSection
	GlobalSection(ProjectConfigurationPlatforms) = postSolution
		{D6FBD265-F2AE-4B31-8244-5D59A2227612}.Debug|Any CPU.ActiveCfg = Debug|Any CPU
		{D6FBD265-F2AE-4B31-8244-5D59A2227612}.Debug|Any CPU.Build.0 = Debug|Any CPU
		{D6FBD265-F2AE-4B31-8244-5D59A2227612}.Release|Any CPU.ActiveCfg = Release|Any CPU
		{D6FBD265-F2AE-4B31-8244-5D59A2227612}.Release|Any CPU.Build.0 = Release|Any CPU
		{D5104138-D033-4ADC-81FA-72E7DB9369C7}.Debug|Any CPU.ActiveCfg = Debug|Any CPU
		{D5104138-D033-4ADC-81FA-72E7DB9369C7}.Debug|Any CPU.Build.0 = Debug|Any CPU
		{D5104138-D033-4ADC-81FA-72E7DB9369C7}.Release|Any CPU.ActiveCfg = Release|Any CPU
		{D5104138-D033-4ADC-81FA-72E7DB9369C7}.Release|Any CPU.Build.0 = Release|Any CPU
	EndGlobalSection
	GlobalSection(SolutionProperties) = preSolution
		HideSolutionNode = FALSE
	EndGlobalSection
	GlobalSection(ExtensibilityGlobals) = postSolution
		SolutionGuid = {5E9CCDE1-2375-4FA8-86B6-C64296FDA0EA}
	EndGlobalSection
EndGlobal
